
Microsoft Visual Studio Solution File, Format Version 12.00
# Visual Studio Version 17
VisualStudioVersion = 17.9.34616.47
MinimumVisualStudioVersion = 10.0.40219.1
Project("{FAE04EC0-301F-11D3-BF4B-00C04F79EFBC}") = "GitTestProject", "GitTestProject\GitTestProject.csproj", "{9BE98EA7-2189-4C6B-B34C-619543ED6771}"
EndProject
Global
	GlobalSection(SolutionConfigurationPlatforms) = preSolution
		Debug|Any CPU = Debug|Any CPU
		Release|Any CPU = Release|Any CPU
	EndGlobalSection
	GlobalSection(ProjectConfigurationPlatforms) = postSolution
		{9BE98EA7-2189-4C6B-B34C-619543ED6771}.Debug|Any CPU.ActiveCfg = Debug|Any CPU
		{9BE98EA7-2189-4C6B-B34C-619543ED6771}.Debug|Any CPU.Build.0 = Debug|Any CPU
		{9BE98EA7-2189-4C6B-B34C-619543ED6771}.Release|Any CPU.ActiveCfg = Release|Any CPU
		{9BE98EA7-2189-4C6B-B34C-619543ED6771}.Release|Any CPU.Build.0 = Release|Any CPU
	EndGlobalSection
	GlobalSection(SolutionProperties) = preSolution
		HideSolutionNode = FALSE
	EndGlobalSection
	GlobalSection(ExtensibilityGlobals) = postSolution
		SolutionGuid = {84559CE4-A614-4021-ADF0-D32097EFD3B9}
	EndGlobalSection
EndGlobal
